// !$*UTF8*$!
{
	archiveVersion = 1;
	classes = {
	};
	objectVersion = 46;
	objects = {

/* Begin PBXBuildFile section */
		FA16CD521AF0CA0D006E9F6B /* BWHDrawViewController.m in Sources */ = {isa = PBXBuildFile; fileRef = FA16CD511AF0CA0D006E9F6B /* BWHDrawViewController.m */; };
		FA7FD2101AF4241C0001E37A /* BWHCircle.m in Sources */ = {isa = PBXBuildFile; fileRef = FA7FD20F1AF4241C0001E37A /* BWHCircle.m */; };
		FAAB0A4A1AEE272C0052F4A7 /* main.m in Sources */ = {isa = PBXBuildFile; fileRef = FAAB0A491AEE272C0052F4A7 /* main.m */; };
		FAAB0A4D1AEE272C0052F4A7 /* AppDelegate.m in Sources */ = {isa = PBXBuildFile; fileRef = FAAB0A4C1AEE272C0052F4A7 /* AppDelegate.m */; };
		FAAB0A501AEE272C0052F4A7 /* ViewController.m in Sources */ = {isa = PBXBuildFile; fileRef = FAAB0A4F1AEE272C0052F4A7 /* ViewController.m */; };
		FAAB0A551AEE272C0052F4A7 /* Images.xcassets in Resources */ = {isa = PBXBuildFile; fileRef = FAAB0A541AEE272C0052F4A7 /* Images.xcassets */; };
		FAAB0A581AEE272C0052F4A7 /* LaunchScreen.xib in Resources */ = {isa = PBXBuildFile; fileRef = FAAB0A561AEE272C0052F4A7 /* LaunchScreen.xib */; };
		FAAB0A641AEE272C0052F4A7 /* TouchTrackerTests.m in Sources */ = {isa = PBXBuildFile; fileRef = FAAB0A631AEE272C0052F4A7 /* TouchTrackerTests.m */; };
		FAAB0A6F1AEE2C230052F4A7 /* BWHLine.m in Sources */ = {isa = PBXBuildFile; fileRef = FAAB0A6E1AEE2C230052F4A7 /* BWHLine.m */; };
		FAAB0A711AEE2D610052F4A7 /* CoreGraphics.framework in Frameworks */ = {isa = PBXBuildFile; fileRef = FAAB0A701AEE2D610052F4A7 /* CoreGraphics.framework */; };
		FAAB0A741AEE2E0D0052F4A7 /* BWHDrawView.m in Sources */ = {isa = PBXBuildFile; fileRef = FAAB0A731AEE2E0D0052F4A7 /* BWHDrawView.m */; };
/* End PBXBuildFile section */

/* Begin PBXContainerItemProxy section */
		FAAB0A5E1AEE272C0052F4A7 /* PBXContainerItemProxy */ = {
			isa = PBXContainerItemProxy;
			containerPortal = FAAB0A3C1AEE272C0052F4A7 /* Project object */;
			proxyType = 1;
			remoteGlobalIDString = FAAB0A431AEE272C0052F4A7;
			remoteInfo = TouchTracker;
		};
/* End PBXContainerItemProxy section */

/* Begin PBXFileReference section */
		FA16CD501AF0CA0D006E9F6B /* BWHDrawViewController.h */ = {isa = PBXFileReference; fileEncoding = 4; lastKnownFileType = sourcecode.c.h; name = BWHDrawViewController.h; path = TouchTracker/BWHDrawViewController.h; sourceTree = "<group>"; };
		FA16CD511AF0CA0D006E9F6B /* BWHDrawViewController.m */ = {isa = PBXFileReference; fileEncoding = 4; lastKnownFileType = sourcecode.c.objc; name = BWHDrawViewController.m; path = TouchTracker/BWHDrawViewController.m; sourceTree = "<group>"; };
		FA7FD20E1AF4241C0001E37A /* BWHCircle.h */ = {isa = PBXFileReference; fileEncoding = 4; lastKnownFileType = sourcecode.c.h; name = BWHCircle.h; path = TouchTracker/BWHCircle.h; sourceTree = "<group>"; };
		FA7FD20F1AF4241C0001E37A /* BWHCircle.m */ = {isa = PBXFileReference; fileEncoding = 4; lastKnownFileType = sourcecode.c.objc; name = BWHCircle.m; path = TouchTracker/BWHCircle.m; sourceTree = "<group>"; };
		FAAB0A441AEE272C0052F4A7 /* TouchTracker.app */ = {isa = PBXFileReference; explicitFileType = wrapper.application; includeInIndex = 0; path = TouchTracker.app; sourceTree = BUILT_PRODUCTS_DIR; };
		FAAB0A481AEE272C0052F4A7 /* Info.plist */ = {isa = PBXFileReference; lastKnownFileType = text.plist.xml; path = Info.plist; sourceTree = "<group>"; };
		FAAB0A491AEE272C0052F4A7 /* main.m */ = {isa = PBXFileReference; lastKnownFileType = sourcecode.c.objc; path = main.m; sourceTree = "<group>"; };
		FAAB0A4B1AEE272C0052F4A7 /* AppDelegate.h */ = {isa = PBXFileReference; lastKnownFileType = sourcecode.c.h; path = AppDelegate.h; sourceTree = "<group>"; };
		FAAB0A4C1AEE272C0052F4A7 /* AppDelegate.m */ = {isa = PBXFileReference; lastKnownFileType = sourcecode.c.objc; path = AppDelegate.m; sourceTree = "<group>"; };
		FAAB0A4E1AEE272C0052F4A7 /* ViewController.h */ = {isa = PBXFileReference; lastKnownFileType = sourcecode.c.h; path = ViewController.h; sourceTree = "<group>"; };
		FAAB0A4F1AEE272C0052F4A7 /* ViewController.m */ = {isa = PBXFileReference; lastKnownFileType = sourcecode.c.objc; path = ViewController.m; sourceTree = "<group>"; };
		FAAB0A541AEE272C0052F4A7 /* Images.xcassets */ = {isa = PBXFileReference; lastKnownFileType = folder.assetcatalog; path = Images.xcassets; sourceTree = "<group>"; };
		FAAB0A571AEE272C0052F4A7 /* Base */ = {isa = PBXFileReference; lastKnownFileType = file.xib; name = Base; path = Base.lproj/LaunchScreen.xib; sourceTree = "<group>"; };
		FAAB0A5D1AEE272C0052F4A7 /* TouchTrackerTests.xctest */ = {isa = PBXFileReference; explicitFileType = wrapper.cfbundle; includeInIndex = 0; path = TouchTrackerTests.xctest; sourceTree = BUILT_PRODUCTS_DIR; };
		FAAB0A621AEE272C0052F4A7 /* Info.plist */ = {isa = PBXFileReference; lastKnownFileType = text.plist.xml; path = Info.plist; sourceTree = "<group>"; };
		FAAB0A631AEE272C0052F4A7 /* TouchTrackerTests.m */ = {isa = PBXFileReference; lastKnownFileType = sourcecode.c.objc; path = TouchTrackerTests.m; sourceTree = "<group>"; };
		FAAB0A6D1AEE2C230052F4A7 /* BWHLine.h */ = {isa = PBXFileReference; fileEncoding = 4; lastKnownFileType = sourcecode.c.h; name = BWHLine.h; path = TouchTracker/BWHLine.h; sourceTree = "<group>"; };
		FAAB0A6E1AEE2C230052F4A7 /* BWHLine.m */ = {isa = PBXFileReference; fileEncoding = 4; lastKnownFileType = sourcecode.c.objc; name = BWHLine.m; path = TouchTracker/BWHLine.m; sourceTree = "<group>"; };
		FAAB0A701AEE2D610052F4A7 /* CoreGraphics.framework */ = {isa = PBXFileReference; lastKnownFileType = wrapper.framework; name = CoreGraphics.framework; path = System/Library/Frameworks/CoreGraphics.framework; sourceTree = SDKROOT; };
		FAAB0A721AEE2E0D0052F4A7 /* BWHDrawView.h */ = {isa = PBXFileReference; fileEncoding = 4; lastKnownFileType = sourcecode.c.h; name = BWHDrawView.h; path = TouchTracker/BWHDrawView.h; sourceTree = "<group>"; };
		FAAB0A731AEE2E0D0052F4A7 /* BWHDrawView.m */ = {isa = PBXFileReference; fileEncoding = 4; lastKnownFileType = sourcecode.c.objc; name = BWHDrawView.m; path = TouchTracker/BWHDrawView.m; sourceTree = "<group>"; };
/* End PBXFileReference section */

/* Begin PBXFrameworksBuildPhase section */
		FAAB0A411AEE272C0052F4A7 /* Frameworks */ = {
			isa = PBXFrameworksBuildPhase;
			buildActionMask = 2147483647;
			files = (
				FAAB0A711AEE2D610052F4A7 /* CoreGraphics.framework in Frameworks */,
			);
			runOnlyForDeploymentPostprocessing = 0;
		};
		FAAB0A5A1AEE272C0052F4A7 /* Frameworks */ = {
			isa = PBXFrameworksBuildPhase;
			buildActionMask = 2147483647;
			files = (
			);
			runOnlyForDeploymentPostprocessing = 0;
		};
/* End PBXFrameworksBuildPhase section */

/* Begin PBXGroup section */
		FAAB0A3B1AEE272C0052F4A7 = {
			isa = PBXGroup;
			children = (
				FAAB0A701AEE2D610052F4A7 /* CoreGraphics.framework */,
				FA7FD20E1AF4241C0001E37A /* BWHCircle.h */,
				FA7FD20F1AF4241C0001E37A /* BWHCircle.m */,
				FAAB0A6D1AEE2C230052F4A7 /* BWHLine.h */,
				FAAB0A6E1AEE2C230052F4A7 /* BWHLine.m */,
				FAAB0A721AEE2E0D0052F4A7 /* BWHDrawView.h */,
				FAAB0A731AEE2E0D0052F4A7 /* BWHDrawView.m */,
				FA16CD501AF0CA0D006E9F6B /* BWHDrawViewController.h */,
				FA16CD511AF0CA0D006E9F6B /* BWHDrawViewController.m */,
				FAAB0A461AEE272C0052F4A7 /* TouchTracker */,
				FAAB0A601AEE272C0052F4A7 /* TouchTrackerTests */,
				FAAB0A451AEE272C0052F4A7 /* Products */,
			);
			sourceTree = "<group>";
		};
		FAAB0A451AEE272C0052F4A7 /* Products */ = {
			isa = PBXGroup;
			children = (
				FAAB0A441AEE272C0052F4A7 /* TouchTracker.app */,
				FAAB0A5D1AEE272C0052F4A7 /* TouchTrackerTests.xctest */,
			);
			name = Products;
			sourceTree = "<group>";
		};
		FAAB0A461AEE272C0052F4A7 /* TouchTracker */ = {
			isa = PBXGroup;
			children = (
				FAAB0A4B1AEE272C0052F4A7 /* AppDelegate.h */,
				FAAB0A4C1AEE272C0052F4A7 /* AppDelegate.m */,
				FAAB0A4E1AEE272C0052F4A7 /* ViewController.h */,
				FAAB0A4F1AEE272C0052F4A7 /* ViewController.m */,
				FAAB0A541AEE272C0052F4A7 /* Images.xcassets */,
				FAAB0A561AEE272C0052F4A7 /* LaunchScreen.xib */,
				FAAB0A471AEE272C0052F4A7 /* Supporting Files */,
			);
			path = TouchTracker;
			sourceTree = "<group>";
		};
		FAAB0A471AEE272C0052F4A7 /* Supporting Files */ = {
			isa = PBXGroup;
			children = (
				FAAB0A481AEE272C0052F4A7 /* Info.plist */,
				FAAB0A491AEE272C0052F4A7 /* main.m */,
			);
			name = "Supporting Files";
			sourceTree = "<group>";
		};
		FAAB0A601AEE272C0052F4A7 /* TouchTrackerTests */ = {
			isa = PBXGroup;
			children = (
				FAAB0A631AEE272C0052F4A7 /* TouchTrackerTests.m */,
				FAAB0A611AEE272C0052F4A7 /* Supporting Files */,
			);
			path = TouchTrackerTests;
			sourceTree = "<group>";
		};
		FAAB0A611AEE272C0052F4A7 /* Supporting Files */ = {
			isa = PBXGroup;
			children = (
				FAAB0A621AEE272C0052F4A7 /* Info.plist */,
			);
			name = "Supporting Files";
			sourceTree = "<group>";
		};
/* End PBXGroup section */

/* Begin PBXNativeTarget section */
		FAAB0A431AEE272C0052F4A7 /* TouchTracker */ = {
			isa = PBXNativeTarget;
			buildConfigurationList = FAAB0A671AEE272C0052F4A7 /* Build configuration list for PBXNativeTarget "TouchTracker" */;
			buildPhases = (
				FAAB0A401AEE272C0052F4A7 /* Sources */,
				FAAB0A411AEE272C0052F4A7 /* Frameworks */,
				FAAB0A421AEE272C0052F4A7 /* Resources */,
			);
			buildRules = (
			);
			dependencies = (
			);
			name = TouchTracker;
			productName = TouchTracker;
			productReference = FAAB0A441AEE272C0052F4A7 /* TouchTracker.app */;
			productType = "com.apple.product-type.application";
		};
		FAAB0A5C1AEE272C0052F4A7 /* TouchTrackerTests */ = {
			isa = PBXNativeTarget;
			buildConfigurationList = FAAB0A6A1AEE272C0052F4A7 /* Build configuration list for PBXNativeTarget "TouchTrackerTests" */;
			buildPhases = (
				FAAB0A591AEE272C0052F4A7 /* Sources */,
				FAAB0A5A1AEE272C0052F4A7 /* Frameworks */,
				FAAB0A5B1AEE272C0052F4A7 /* Resources */,
			);
			buildRules = (
			);
			dependencies = (
				FAAB0A5F1AEE272C0052F4A7 /* PBXTargetDependency */,
			);
			name = TouchTrackerTests;
			productName = TouchTrackerTests;
			productReference = FAAB0A5D1AEE272C0052F4A7 /* TouchTrackerTests.xctest */;
			productType = "com.apple.product-type.bundle.unit-test";
		};
/* End PBXNativeTarget section */

/* Begin PBXProject section */
		FAAB0A3C1AEE272C0052F4A7 /* Project object */ = {
			isa = PBXProject;
			attributes = {
				LastUpgradeCheck = 0630;
				ORGANIZATIONNAME = bowen;
				TargetAttributes = {
					FAAB0A431AEE272C0052F4A7 = {
						CreatedOnToolsVersion = 6.3.1;
					};
					FAAB0A5C1AEE272C0052F4A7 = {
						CreatedOnToolsVersion = 6.3.1;
						TestTargetID = FAAB0A431AEE272C0052F4A7;
					};
				};
			};
			buildConfigurationList = FAAB0A3F1AEE272C0052F4A7 /* Build configuration list for PBXProject "TouchTracker" */;
			compatibilityVersion = "Xcode 3.2";
			developmentRegion = English;
			hasScannedForEncodings = 0;
			knownRegions = (
				en,
				Base,
			);
			mainGroup = FAAB0A3B1AEE272C0052F4A7;
			productRefGroup = FAAB0A451AEE272C0052F4A7 /* Products */;
			projectDirPath = "";
			projectRoot = "";
			targets = (
				FAAB0A431AEE272C0052F4A7 /* TouchTracker */,
				FAAB0A5C1AEE272C0052F4A7 /* TouchTrackerTests */,
			);
		};
/* End PBXProject section */

/* Begin PBXResourcesBuildPhase section */
		FAAB0A421AEE272C0052F4A7 /* Resources */ = {
			isa = PBXResourcesBuildPhase;
			buildActionMask = 2147483647;
			files = (
				FAAB0A581AEE272C0052F4A7 /* LaunchScreen.xib in Resources */,
				FAAB0A551AEE272C0052F4A7 /* Images.xcassets in Resources */,
			);
			runOnlyForDeploymentPostprocessing = 0;
		};
		FAAB0A5B1AEE272C0052F4A7 /* Resources */ = {
			isa = PBXResourcesBuildPhase;
			buildActionMask = 2147483647;
			files = (
			);
			runOnlyForDeploymentPostprocessing = 0;
		};
/* End PBXResourcesBuildPhase section */

/* Begin PBXSourcesBuildPhase section */
		FAAB0A401AEE272C0052F4A7 /* Sources */ = {
			isa = PBXSourcesBuildPhase;
			buildActionMask = 2147483647;
			files = (
				FA7FD2101AF4241C0001E37A /* BWHCircle.m in Sources */,
				FAAB0A501AEE272C0052F4A7 /* ViewController.m in Sources */,
				FAAB0A6F1AEE2C230052F4A7 /* BWHLine.m in Sources */,
				FAAB0A741AEE2E0D0052F4A7 /* BWHDrawView.m in Sources */,
				FAAB0A4D1AEE272C0052F4A7 /* AppDelegate.m in Sources */,
				FA16CD521AF0CA0D006E9F6B /* BWHDrawViewController.m in Sources */,
				FAAB0A4A1AEE272C0052F4A7 /* main.m in Sources */,
			);
			runOnlyForDeploymentPostprocessing = 0;
		};
		FAAB0A591AEE272C0052F4A7 /* Sources */ = {
			isa = PBXSourcesBuildPhase;
			buildActionMask = 2147483647;
			files = (
				FAAB0A641AEE272C0052F4A7 /* TouchTrackerTests.m in Sources */,
			);
			runOnlyForDeploymentPostprocessing = 0;
		};
/* End PBXSourcesBuildPhase section */

/* Begin PBXTargetDependency section */
		FAAB0A5F1AEE272C0052F4A7 /* PBXTargetDependency */ = {
			isa = PBXTargetDependency;
			target = FAAB0A431AEE272C0052F4A7 /* TouchTracker */;
			targetProxy = FAAB0A5E1AEE272C0052F4A7 /* PBXContainerItemProxy */;
		};
/* End PBXTargetDependency section */

/* Begin PBXVariantGroup section */
		FAAB0A561AEE272C0052F4A7 /* LaunchScreen.xib */ = {
			isa = PBXVariantGroup;
			children = (
				FAAB0A571AEE272C0052F4A7 /* Base */,
			);
			name = LaunchScreen.xib;
			sourceTree = "<group>";
		};
/* End PBXVariantGroup section */

/* Begin XCBuildConfiguration section */
		FAAB0A651AEE272C0052F4A7 /* Debug */ = {
			isa = XCBuildConfiguration;
			buildSettings = {
				ALWAYS_SEARCH_USER_PATHS = NO;
				CLANG_CXX_LANGUAGE_STANDARD = "gnu++0x";
				CLANG_CXX_LIBRARY = "libc++";
				CLANG_ENABLE_MODULES = YES;
				CLANG_ENABLE_OBJC_ARC = YES;
				CLANG_WARN_BOOL_CONVERSION = YES;
				CLANG_WARN_CONSTANT_CONVERSION = YES;
				CLANG_WARN_DIRECT_OBJC_ISA_USAGE = YES_ERROR;
				CLANG_WARN_EMPTY_BODY = YES;
				CLANG_WARN_ENUM_CONVERSION = YES;
				CLANG_WARN_INT_CONVERSION = YES;
				CLANG_WARN_OBJC_ROOT_CLASS = YES_ERROR;
				CLANG_WARN_UNREACHABLE_CODE = YES;
				CLANG_WARN__DUPLICATE_METHOD_MATCH = YES;
				"CODE_SIGN_IDENTITY[sdk=iphoneos*]" = "iPhone Developer";
				COPY_PHASE_STRIP = NO;
				DEBUG_INFORMATION_FORMAT = "dwarf-with-dsym";
				ENABLE_STRICT_OBJC_MSGSEND = YES;
				GCC_C_LANGUAGE_STANDARD = gnu99;
				GCC_DYNAMIC_NO_PIC = NO;
				GCC_NO_COMMON_BLOCKS = YES;
				GCC_OPTIMIZATION_LEVEL = 0;
				GCC_PREPROCESSOR_DEFINITIONS = (
					"DEBUG=1",
					"$(inherited)",
				);
				GCC_SYMBOLS_PRIVATE_EXTERN = NO;
				GCC_WARN_64_TO_32_BIT_CONVERSION = YES;
				GCC_WARN_ABOUT_RETURN_TYPE = YES_ERROR;
				GCC_WARN_UNDECLARED_SELECTOR = YES;
				GCC_WARN_UNINITIALIZED_AUTOS = YES_AGGRESSIVE;
				GCC_WARN_UNUSED_FUNCTION = YES;
				GCC_WARN_UNUSED_VARIABLE = YES;
				IPHONEOS_DEPLOYMENT_TARGET = 8.3;
				MTL_ENABLE_DEBUG_INFO = YES;
				ONLY_ACTIVE_ARCH = YES;
				SDKROOT = iphoneos;
			};
			name = Debug;
		};
		FAAB0A661AEE272C0052F4A7 /* Release */ = {
			isa = XCBuildConfiguration;
			buildSettings = {
				ALWAYS_SEARCH_USER_PATHS = NO;
				CLANG_CXX_LANGUAGE_STANDARD = "gnu++0x";
				CLANG_CXX_LIBRARY = "libc++";
				CLANG_ENABLE_MODULES = YES;
				CLANG_ENABLE_OBJC_ARC = YES;
				CLANG_WARN_BOOL_CONVERSION = YES;
				CLANG_WARN_CONSTANT_CONVERSION = YES;
				CLANG_WARN_DIRECT_OBJC_ISA_USAGE = YES_ERROR;
				CLANG_WARN_EMPTY_BODY = YES;
				CLANG_WARN_ENUM_CONVERSION = YES;
				CLANG_WARN_INT_CONVERSION = YES;
				CLANG_WARN_OBJC_ROOT_CLASS = YES_ERROR;
				CLANG_WARN_UNREACHABLE_CODE = YES;
				CLANG_WARN__DUPLICATE_METHOD_MATCH = YES;
				"CODE_SIGN_IDENTITY[sdk=iphoneos*]" = "iPhone Developer";
				COPY_PHASE_STRIP = NO;
				DEBUG_INFORMATION_FORMAT = "dwarf-with-dsym";
				ENABLE_NS_ASSERTIONS = NO;
				ENABLE_STRICT_OBJC_MSGSEND = YES;
				GCC_C_LANGUAGE_STANDARD = gnu99;
				GCC_NO_COMMON_BLOCKS = YES;
				GCC_WARN_64_TO_32_BIT_CONVERSION = YES;
				GCC_WARN_ABOUT_RETURN_TYPE = YES_ERROR;
				GCC_WARN_UNDECLARED_SELECTOR = YES;
				GCC_WARN_UNINITIALIZED_AUTOS = YES_AGGRESSIVE;
				GCC_WARN_UNUSED_FUNCTION = YES;
				GCC_WARN_UNUSED_VARIABLE = YES;
				IPHONEOS_DEPLOYMENT_TARGET = 8.3;
				MTL_ENABLE_DEBUG_INFO = NO;
				SDKROOT = iphoneos;
				VALIDATE_PRODUCT = YES;
			};
			name = Release;
		};
		FAAB0A681AEE272C0052F4A7 /* Debug */ = {
			isa = XCBuildConfiguration;
			buildSettings = {
				ASSETCATALOG_COMPILER_APPICON_NAME = AppIcon;
				INFOPLIST_FILE = TouchTracker/Info.plist;
				LD_RUNPATH_SEARCH_PATHS = "$(inherited) @executable_path/Frameworks";
				PRODUCT_NAME = "$(TARGET_NAME)";
			};
			name = Debug;
		};
		FAAB0A691AEE272C0052F4A7 /* Release */ = {
			isa = XCBuildConfiguration;
			buildSettings = {
				ASSETCATALOG_COMPILER_APPICON_NAME = AppIcon;
				INFOPLIST_FILE = TouchTracker/Info.plist;
				LD_RUNPATH_SEARCH_PATHS = "$(inherited) @executable_path/Frameworks";
				PRODUCT_NAME = "$(TARGET_NAME)";
			};
			name = Release;
		};
		FAAB0A6B1AEE272C0052F4A7 /* Debug */ = {
			isa = XCBuildConfiguration;
			buildSettings = {
				BUNDLE_LOADER = "$(TEST_HOST)";
				FRAMEWORK_SEARCH_PATHS = (
					"$(SDKROOT)/Developer/Library/Frameworks",
					"$(inherited)",
				);
				GCC_PREPROCESSOR_DEFINITIONS = (
					"DEBUG=1",
					"$(inherited)",
				);
				INFOPLIST_FILE = TouchTrackerTests/Info.plist;
				LD_RUNPATH_SEARCH_PATHS = "$(inherited) @executable_path/Frameworks @loader_path/Frameworks";
				PRODUCT_NAME = "$(TARGET_NAME)";
				TEST_HOST = "$(BUILT_PRODUCTS_DIR)/TouchTracker.app/TouchTracker";
			};
			name = Debug;
		};
		FAAB0A6C1AEE272C0052F4A7 /* Release */ = {
			isa = XCBuildConfiguration;
			buildSettings = {
				BUNDLE_LOADER = "$(TEST_HOST)";
				FRAMEWORK_SEARCH_PATHS = (
					"$(SDKROOT)/Developer/Library/Frameworks",
					"$(inherited)",
				);
				INFOPLIST_FILE = TouchTrackerTests/Info.plist;
				LD_RUNPATH_SEARCH_PATHS = "$(inherited) @executable_path/Frameworks @loader_path/Frameworks";
				PRODUCT_NAME = "$(TARGET_NAME)";
				TEST_HOST = "$(BUILT_PRODUCTS_DIR)/TouchTracker.app/TouchTracker";
			};
			name = Release;
		};
/* End XCBuildConfiguration section */

/* Begin XCConfigurationList section */
		FAAB0A3F1AEE272C0052F4A7 /* Build configuration list for PBXProject "TouchTracker" */ = {
			isa = XCConfigurationList;
			buildConfigurations = (
				FAAB0A651AEE272C0052F4A7 /* Debug */,
				FAAB0A661AEE272C0052F4A7 /* Release */,
			);
			defaultConfigurationIsVisible = 0;
			defaultConfigurationName = Release;
		};
		FAAB0A671AEE272C0052F4A7 /* Build configuration list for PBXNativeTarget "TouchTracker" */ = {
			isa = XCConfigurationList;
			buildConfigurations = (
				FAAB0A681AEE272C0052F4A7 /* Debug */,
				FAAB0A691AEE272C0052F4A7 /* Release */,
			);
			defaultConfigurationIsVisible = 0;
			defaultConfigurationName = Release;
		};
		FAAB0A6A1AEE272C0052F4A7 /* Build configuration list for PBXNativeTarget "TouchTrackerTests" */ = {
			isa = XCConfigurationList;
			buildConfigurations = (
				FAAB0A6B1AEE272C0052F4A7 /* Debug */,
				FAAB0A6C1AEE272C0052F4A7 /* Release */,
			);
			defaultConfigurationIsVisible = 0;
			defaultConfigurationName = Release;
		};
/* End XCConfigurationList section */
	};
	rootObject = FAAB0A3C1AEE272C0052F4A7 /* Project object */;
}
